
Microsoft Visual Studio Solution File, Format Version 12.00
# Visual Studio Version 16
VisualStudioVersion = 16.0.29519.87
MinimumVisualStudioVersion = 10.0.40219.1
Project("{9A19103F-16F7-4668-BE54-9A1E7A4F7556}") = "MbSoftLab.TemplateEngine.Core.Tests", "MbSoftLab.TemplateEngine.Core.Tests\MbSoftLab.TemplateEngine.Core.Tests.csproj", "{730ED57E-5030-43D9-BFC3-1E52B67D9E4E}"
EndProject
Project("{9A19103F-16F7-4668-BE54-9A1E7A4F7556}") = "MbSoftLab.TemplateEngine.Core", "MbSoftLab.TemplateEngine.Core\MbSoftLab.TemplateEngine.Core.csproj", "{CA5BFFAC-ADA4-478B-8B13-B3AF81FE4A05}"
EndProject
Project("{FAE04EC0-301F-11D3-BF4B-00C04F79EFBC}") = "MbSoftlab.TemplateEngine.Core.Demo", "MbSoftlab.TemplateEngine.Core.Demo\MbSoftlab.TemplateEngine.Core.Demo.csproj", "{159ED0CF-FB05-4F88-A442-90890814E6A8}"
EndProject
Global
	GlobalSection(SolutionConfigurationPlatforms) = preSolution
		Debug|Any CPU = Debug|Any CPU
		Debug|ARM = Debug|ARM
		Debug|ARM64 = Debug|ARM64
		Debug|x64 = Debug|x64
		Debug|x86 = Debug|x86
		Release|Any CPU = Release|Any CPU
		Release|ARM = Release|ARM
		Release|ARM64 = Release|ARM64
		Release|x64 = Release|x64
		Release|x86 = Release|x86
	EndGlobalSection
	GlobalSection(ProjectConfigurationPlatforms) = postSolution
		{730ED57E-5030-43D9-BFC3-1E52B67D9E4E}.Debug|Any CPU.ActiveCfg = Debug|Any CPU
		{730ED57E-5030-43D9-BFC3-1E52B67D9E4E}.Debug|Any CPU.Build.0 = Debug|Any CPU
		{730ED57E-5030-43D9-BFC3-1E52B67D9E4E}.Debug|ARM.ActiveCfg = Debug|Any CPU
		{730ED57E-5030-43D9-BFC3-1E52B67D9E4E}.Debug|ARM.Build.0 = Debug|Any CPU
		{730ED57E-5030-43D9-BFC3-1E52B67D9E4E}.Debug|ARM64.ActiveCfg = Debug|Any CPU
		{730ED57E-5030-43D9-BFC3-1E52B67D9E4E}.Debug|ARM64.Build.0 = Debug|Any CPU
		{730ED57E-5030-43D9-BFC3-1E52B67D9E4E}.Debug|x64.ActiveCfg = Debug|Any CPU
		{730ED57E-5030-43D9-BFC3-1E52B67D9E4E}.Debug|x64.Build.0 = Debug|Any CPU
		{730ED57E-5030-43D9-BFC3-1E52B67D9E4E}.Debug|x86.ActiveCfg = Debug|Any CPU
		{730ED57E-5030-43D9-BFC3-1E52B67D9E4E}.Debug|x86.Build.0 = Debug|Any CPU
		{730ED57E-5030-43D9-BFC3-1E52B67D9E4E}.Release|Any CPU.ActiveCfg = Release|Any CPU
		{730ED57E-5030-43D9-BFC3-1E52B67D9E4E}.Release|Any CPU.Build.0 = Release|Any CPU
		{730ED57E-5030-43D9-BFC3-1E52B67D9E4E}.Release|ARM.ActiveCfg = Release|Any CPU
		{730ED57E-5030-43D9-BFC3-1E52B67D9E4E}.Release|ARM.Build.0 = Release|Any CPU
		{730ED57E-5030-43D9-BFC3-1E52B67D9E4E}.Release|ARM64.ActiveCfg = Release|Any CPU
		{730ED57E-5030-43D9-BFC3-1E52B67D9E4E}.Release|ARM64.Build.0 = Release|Any CPU
		{730ED57E-5030-43D9-BFC3-1E52B67D9E4E}.Release|x64.ActiveCfg = Release|Any CPU
		{730ED57E-5030-43D9-BFC3-1E52B67D9E4E}.Release|x64.Build.0 = Release|Any CPU
		{730ED57E-5030-43D9-BFC3-1E52B67D9E4E}.Release|x86.ActiveCfg = Release|Any CPU
		{730ED57E-5030-43D9-BFC3-1E52B67D9E4E}.Release|x86.Build.0 = Release|Any CPU
		{CA5BFFAC-ADA4-478B-8B13-B3AF81FE4A05}.Debug|Any CPU.ActiveCfg = Debug|Any CPU
		{CA5BFFAC-ADA4-478B-8B13-B3AF81FE4A05}.Debug|Any CPU.Build.0 = Debug|Any CPU
		{CA5BFFAC-ADA4-478B-8B13-B3AF81FE4A05}.Debug|ARM.ActiveCfg = Debug|Any CPU
		{CA5BFFAC-ADA4-478B-8B13-B3AF81FE4A05}.Debug|ARM.Build.0 = Debug|Any CPU
		{CA5BFFAC-ADA4-478B-8B13-B3AF81FE4A05}.Debug|ARM64.ActiveCfg = Debug|Any CPU
		{CA5BFFAC-ADA4-478B-8B13-B3AF81FE4A05}.Debug|ARM64.Build.0 = Debug|Any CPU
		{CA5BFFAC-ADA4-478B-8B13-B3AF81FE4A05}.Debug|x64.ActiveCfg = Debug|Any CPU
		{CA5BFFAC-ADA4-478B-8B13-B3AF81FE4A05}.Debug|x64.Build.0 = Debug|Any CPU
		{CA5BFFAC-ADA4-478B-8B13-B3AF81FE4A05}.Debug|x86.ActiveCfg = Debug|Any CPU
		{CA5BFFAC-ADA4-478B-8B13-B3AF81FE4A05}.Debug|x86.Build.0 = Debug|Any CPU
		{CA5BFFAC-ADA4-478B-8B13-B3AF81FE4A05}.Release|Any CPU.ActiveCfg = Release|Any CPU
		{CA5BFFAC-ADA4-478B-8B13-B3AF81FE4A05}.Release|Any CPU.Build.0 = Release|Any CPU
		{CA5BFFAC-ADA4-478B-8B13-B3AF81FE4A05}.Release|ARM.ActiveCfg = Release|Any CPU
		{CA5BFFAC-ADA4-478B-8B13-B3AF81FE4A05}.Release|ARM.Build.0 = Release|Any CPU
		{CA5BFFAC-ADA4-478B-8B13-B3AF81FE4A05}.Release|ARM64.ActiveCfg = Release|Any CPU
		{CA5BFFAC-ADA4-478B-8B13-B3AF81FE4A05}.Release|ARM64.Build.0 = Release|Any CPU
		{CA5BFFAC-ADA4-478B-8B13-B3AF81FE4A05}.Release|x64.ActiveCfg = Release|Any CPU
		{CA5BFFAC-ADA4-478B-8B13-B3AF81FE4A05}.Release|x64.Build.0 = Release|Any CPU
		{CA5BFFAC-ADA4-478B-8B13-B3AF81FE4A05}.Release|x86.ActiveCfg = Release|Any CPU
		{CA5BFFAC-ADA4-478B-8B13-B3AF81FE4A05}.Release|x86.Build.0 = Release|Any CPU
		{159ED0CF-FB05-4F88-A442-90890814E6A8}.Debug|Any CPU.ActiveCfg = Debug|Any CPU
		{159ED0CF-FB05-4F88-A442-90890814E6A8}.Debug|Any CPU.Build.0 = Debug|Any CPU
		{159ED0CF-FB05-4F88-A442-90890814E6A8}.Debug|ARM.ActiveCfg = Debug|Any CPU
		{159ED0CF-FB05-4F88-A442-90890814E6A8}.Debug|ARM.Build.0 = Debug|Any CPU
		{159ED0CF-FB05-4F88-A442-90890814E6A8}.Debug|ARM64.ActiveCfg = Debug|Any CPU
		{159ED0CF-FB05-4F88-A442-90890814E6A8}.Debug|ARM64.Build.0 = Debug|Any CPU
		{159ED0CF-FB05-4F88-A442-90890814E6A8}.Debug|x64.ActiveCfg = Debug|Any CPU
		{159ED0CF-FB05-4F88-A442-90890814E6A8}.Debug|x64.Build.0 = Debug|Any CPU
		{159ED0CF-FB05-4F88-A442-90890814E6A8}.Debug|x86.ActiveCfg = Debug|Any CPU
		{159ED0CF-FB05-4F88-A442-90890814E6A8}.Debug|x86.Build.0 = Debug|Any CPU
		{159ED0CF-FB05-4F88-A442-90890814E6A8}.Release|Any CPU.ActiveCfg = Release|Any CPU
		{159ED0CF-FB05-4F88-A442-90890814E6A8}.Release|Any CPU.Build.0 = Release|Any CPU
		{159ED0CF-FB05-4F88-A442-90890814E6A8}.Release|ARM.ActiveCfg = Release|Any CPU
		{159ED0CF-FB05-4F88-A442-90890814E6A8}.Release|ARM.Build.0 = Release|Any CPU
		{159ED0CF-FB05-4F88-A442-90890814E6A8}.Release|ARM64.ActiveCfg = Release|Any CPU
		{159ED0CF-FB05-4F88-A442-90890814E6A8}.Release|ARM64.Build.0 = Release|Any CPU
		{159ED0CF-FB05-4F88-A442-90890814E6A8}.Release|x64.ActiveCfg = Release|Any CPU
		{159ED0CF-FB05-4F88-A442-90890814E6A8}.Release|x64.Build.0 = Release|Any CPU
		{159ED0CF-FB05-4F88-A442-90890814E6A8}.Release|x86.ActiveCfg = Release|Any CPU
		{159ED0CF-FB05-4F88-A442-90890814E6A8}.Release|x86.Build.0 = Release|Any CPU
	EndGlobalSection
	GlobalSection(SolutionProperties) = preSolution
		HideSolutionNode = FALSE
	EndGlobalSection
	GlobalSection(ExtensibilityGlobals) = postSolution
		SolutionGuid = {38006E8B-FB36-414B-ADE0-806B2557B58D}
	EndGlobalSection
EndGlobal
